// !$*UTF8*$!
{
	archiveVersion = 1;
	classes = {
	};
	objectVersion = 55;
	objects = {

/* Begin PBXBuildFile section */
		3E6588DD286B755200DAB5DF /* ViewData.swift in Sources */ = {isa = PBXBuildFile; fileRef = 3E6588DC286B755200DAB5DF /* ViewData.swift */; };
		3E7CC2522845433E00201D88 /* LogInViewController.swift in Sources */ = {isa = PBXBuildFile; fileRef = 3E7CC2512845433E00201D88 /* LogInViewController.swift */; };
		3EAC892E287F3F7E002CE369 /* PostTableViewCell.swift in Sources */ = {isa = PBXBuildFile; fileRef = 3EAC892D287F3F7E002CE369 /* PostTableViewCell.swift */; };
		3EBD03852837E0CC00FDCB1B /* AppDelegate.swift in Sources */ = {isa = PBXBuildFile; fileRef = 3EBD03842837E0CC00FDCB1B /* AppDelegate.swift */; };
		3EBD03892837E0CC00FDCB1B /* PostViewController.swift in Sources */ = {isa = PBXBuildFile; fileRef = 3EBD03882837E0CC00FDCB1B /* PostViewController.swift */; };
		3EBD038E2837E0CE00FDCB1B /* Assets.xcassets in Resources */ = {isa = PBXBuildFile; fileRef = 3EBD038D2837E0CE00FDCB1B /* Assets.xcassets */; };
		3EBD03992837FA3E00FDCB1B /* FeedViewController.swift in Sources */ = {isa = PBXBuildFile; fileRef = 3EBD03982837FA3E00FDCB1B /* FeedViewController.swift */; };
		3EBD039B2837FA6400FDCB1B /* ProfileViewController.swift in Sources */ = {isa = PBXBuildFile; fileRef = 3EBD039A2837FA6400FDCB1B /* ProfileViewController.swift */; };
		3EBD03A4283A25E600FDCB1B /* InfoViewController.swift in Sources */ = {isa = PBXBuildFile; fileRef = 3EBD03A3283A25E600FDCB1B /* InfoViewController.swift */; };
		3EDE7E02287626B10099DA5F /* UIButtonAlpha.swift in Sources */ = {isa = PBXBuildFile; fileRef = 3EDE7E01287626B10099DA5F /* UIButtonAlpha.swift */; };
		3EE8D3D3283D31FF002C0A78 /* ProfileTableHederView.swift in Sources */ = {isa = PBXBuildFile; fileRef = 3EE8D3D2283D31FF002C0A78 /* ProfileTableHederView.swift */; };
/* End PBXBuildFile section */

/* Begin PBXFileReference section */
		3E6588DC286B755200DAB5DF /* ViewData.swift */ = {isa = PBXFileReference; fileEncoding = 4; lastKnownFileType = sourcecode.swift; path = ViewData.swift; sourceTree = "<group>"; };
		3E7CC24E284376D700201D88 /* LaunchScreen.storyboard */ = {isa = PBXFileReference; lastKnownFileType = file.storyboard; path = LaunchScreen.storyboard; sourceTree = "<group>"; };
		3E7CC2512845433E00201D88 /* LogInViewController.swift */ = {isa = PBXFileReference; lastKnownFileType = sourcecode.swift; path = LogInViewController.swift; sourceTree = "<group>"; };
		3EAC892D287F3F7E002CE369 /* PostTableViewCell.swift */ = {isa = PBXFileReference; lastKnownFileType = sourcecode.swift; path = PostTableViewCell.swift; sourceTree = "<group>"; };
		3EBD03812837E0CC00FDCB1B /* Navigation Table v2.app */ = {isa = PBXFileReference; explicitFileType = wrapper.application; includeInIndex = 0; path = "Navigation Table v2.app"; sourceTree = BUILT_PRODUCTS_DIR; };
		3EBD03842837E0CC00FDCB1B /* AppDelegate.swift */ = {isa = PBXFileReference; lastKnownFileType = sourcecode.swift; path = AppDelegate.swift; sourceTree = "<group>"; };
		3EBD03882837E0CC00FDCB1B /* PostViewController.swift */ = {isa = PBXFileReference; lastKnownFileType = sourcecode.swift; path = PostViewController.swift; sourceTree = "<group>"; };
		3EBD038D2837E0CE00FDCB1B /* Assets.xcassets */ = {isa = PBXFileReference; lastKnownFileType = folder.assetcatalog; path = Assets.xcassets; sourceTree = "<group>"; };
		3EBD03922837E0CE00FDCB1B /* Info.plist */ = {isa = PBXFileReference; lastKnownFileType = text.plist.xml; path = Info.plist; sourceTree = "<group>"; };
		3EBD03982837FA3E00FDCB1B /* FeedViewController.swift */ = {isa = PBXFileReference; lastKnownFileType = sourcecode.swift; path = FeedViewController.swift; sourceTree = "<group>"; };
		3EBD039A2837FA6400FDCB1B /* ProfileViewController.swift */ = {isa = PBXFileReference; lastKnownFileType = sourcecode.swift; path = ProfileViewController.swift; sourceTree = "<group>"; };
		3EBD03A3283A25E600FDCB1B /* InfoViewController.swift */ = {isa = PBXFileReference; lastKnownFileType = sourcecode.swift; path = InfoViewController.swift; sourceTree = "<group>"; };
		3EDE7E01287626B10099DA5F /* UIButtonAlpha.swift */ = {isa = PBXFileReference; lastKnownFileType = sourcecode.swift; path = UIButtonAlpha.swift; sourceTree = "<group>"; };
		3EE8D3D2283D31FF002C0A78 /* ProfileTableHederView.swift */ = {isa = PBXFileReference; lastKnownFileType = sourcecode.swift; path = ProfileTableHederView.swift; sourceTree = "<group>"; };
/* End PBXFileReference section */

/* Begin PBXFrameworksBuildPhase section */
		3EBD037E2837E0CC00FDCB1B /* Frameworks */ = {
			isa = PBXFrameworksBuildPhase;
			buildActionMask = 2147483647;
			files = (
			);
			runOnlyForDeploymentPostprocessing = 0;
		};
/* End PBXFrameworksBuildPhase section */

/* Begin PBXGroup section */
		3EBD03782837E0CC00FDCB1B = {
			isa = PBXGroup;
			children = (
				3EBD03832837E0CC00FDCB1B /* Navigation */,
				3EBD03822837E0CC00FDCB1B /* Products */,
			);
			sourceTree = "<group>";
		};
		3EBD03822837E0CC00FDCB1B /* Products */ = {
			isa = PBXGroup;
			children = (
				3EBD03812837E0CC00FDCB1B /* Navigation Table v2.app */,
			);
			name = Products;
			sourceTree = "<group>";
		};
		3EBD03832837E0CC00FDCB1B /* Navigation */ = {
			isa = PBXGroup;
			children = (
				3EDE7DFF287625FD0099DA5F /* Redefinition */,
				3EBD03842837E0CC00FDCB1B /* AppDelegate.swift */,
				3EE8D3D1283D31BD002C0A78 /* Profile */,
				3EBD03A02837FAC300FDCB1B /* View */,
				3EBD038D2837E0CE00FDCB1B /* Assets.xcassets */,
				3E7CC24E284376D700201D88 /* LaunchScreen.storyboard */,
				3EBD03922837E0CE00FDCB1B /* Info.plist */,
			);
			path = Navigation;
			sourceTree = "<group>";
		};
		3EBD03A02837FAC300FDCB1B /* View */ = {
			isa = PBXGroup;
			children = (
				3E6588DC286B755200DAB5DF /* ViewData.swift */,
				3EBD03982837FA3E00FDCB1B /* FeedViewController.swift */,
				3EBD03882837E0CC00FDCB1B /* PostViewController.swift */,
				3EBD03A3283A25E600FDCB1B /* InfoViewController.swift */,
			);
			path = View;
			sourceTree = "<group>";
		};
		3EDE7DFF287625FD0099DA5F /* Redefinition */ = {
			isa = PBXGroup;
			children = (
				3EDE7E01287626B10099DA5F /* UIButtonAlpha.swift */,
			);
			path = Redefinition;
			sourceTree = "<group>";
		};
		3EE8D3D1283D31BD002C0A78 /* Profile */ = {
			isa = PBXGroup;
			children = (
				3EE8D3D2283D31FF002C0A78 /* ProfileTableHederView.swift */,
				3EBD039A2837FA6400FDCB1B /* ProfileViewController.swift */,
				3E7CC2512845433E00201D88 /* LogInViewController.swift */,
				3EAC892D287F3F7E002CE369 /* PostTableViewCell.swift */,
			);
			path = Profile;
			sourceTree = "<group>";
		};
/* End PBXGroup section */

/* Begin PBXNativeTarget section */
		3EBD03802837E0CC00FDCB1B /* Navigation Table v2 */ = {
			isa = PBXNativeTarget;
			buildConfigurationList = 3EBD03952837E0CE00FDCB1B /* Build configuration list for PBXNativeTarget "Navigation Table v2" */;
			buildPhases = (
				3EBD037D2837E0CC00FDCB1B /* Sources */,
				3EBD037E2837E0CC00FDCB1B /* Frameworks */,
				3EBD037F2837E0CC00FDCB1B /* Resources */,
			);
			buildRules = (
			);
			dependencies = (
			);
			name = "Navigation Table v2";
			productName = Navigation;
			productReference = 3EBD03812837E0CC00FDCB1B /* Navigation Table v2.app */;
			productType = "com.apple.product-type.application";
		};
/* End PBXNativeTarget section */

/* Begin PBXProject section */
		3EBD03792837E0CC00FDCB1B /* Project object */ = {
			isa = PBXProject;
			attributes = {
				BuildIndependentTargetsInParallel = 1;
				LastSwiftUpdateCheck = 1330;
				LastUpgradeCheck = 1330;
				TargetAttributes = {
					3EBD03802837E0CC00FDCB1B = {
						CreatedOnToolsVersion = 13.3.1;
					};
				};
			};
			buildConfigurationList = 3EBD037C2837E0CC00FDCB1B /* Build configuration list for PBXProject "Navigation Table v2" */;
			compatibilityVersion = "Xcode 13.0";
			developmentRegion = en;
			hasScannedForEncodings = 0;
			knownRegions = (
				en,
				Base,
			);
			mainGroup = 3EBD03782837E0CC00FDCB1B;
			productRefGroup = 3EBD03822837E0CC00FDCB1B /* Products */;
			projectDirPath = "";
			projectRoot = "";
			targets = (
				3EBD03802837E0CC00FDCB1B /* Navigation Table v2 */,
			);
		};
/* End PBXProject section */

/* Begin PBXResourcesBuildPhase section */
		3EBD037F2837E0CC00FDCB1B /* Resources */ = {
			isa = PBXResourcesBuildPhase;
			buildActionMask = 2147483647;
			files = (
				3EBD038E2837E0CE00FDCB1B /* Assets.xcassets in Resources */,
			);
			runOnlyForDeploymentPostprocessing = 0;
		};
/* End PBXResourcesBuildPhase section */

/* Begin PBXSourcesBuildPhase section */
		3EBD037D2837E0CC00FDCB1B /* Sources */ = {
			isa = PBXSourcesBuildPhase;
			buildActionMask = 2147483647;
			files = (
				3EBD03992837FA3E00FDCB1B /* FeedViewController.swift in Sources */,
				3EE8D3D3283D31FF002C0A78 /* ProfileTableHederView.swift in Sources */,
				3EBD03892837E0CC00FDCB1B /* PostViewController.swift in Sources */,
				3E7CC2522845433E00201D88 /* LogInViewController.swift in Sources */,
				3EBD03852837E0CC00FDCB1B /* AppDelegate.swift in Sources */,
				3EDE7E02287626B10099DA5F /* UIButtonAlpha.swift in Sources */,
				3EBD039B2837FA6400FDCB1B /* ProfileViewController.swift in Sources */,
				3EAC892E287F3F7E002CE369 /* PostTableViewCell.swift in Sources */,
				3E6588DD286B755200DAB5DF /* ViewData.swift in Sources */,
				3EBD03A4283A25E600FDCB1B /* InfoViewController.swift in Sources */,
			);
			runOnlyForDeploymentPostprocessing = 0;
		};
/* End PBXSourcesBuildPhase section */

/* Begin XCBuildConfiguration section */
		3EBD03932837E0CE00FDCB1B /* Debug */ = {
			isa = XCBuildConfiguration;
			buildSettings = {
				ALWAYS_SEARCH_USER_PATHS = NO;
				CLANG_ANALYZER_NONNULL = YES;
				CLANG_ANALYZER_NUMBER_OBJECT_CONVERSION = YES_AGGRESSIVE;
				CLANG_CXX_LANGUAGE_STANDARD = "gnu++17";
				CLANG_ENABLE_MODULES = YES;
				CLANG_ENABLE_OBJC_ARC = YES;
				CLANG_ENABLE_OBJC_WEAK = YES;
				CLANG_WARN_BLOCK_CAPTURE_AUTORELEASING = YES;
				CLANG_WARN_BOOL_CONVERSION = YES;
				CLANG_WARN_COMMA = YES;
				CLANG_WARN_CONSTANT_CONVERSION = YES;
				CLANG_WARN_DEPRECATED_OBJC_IMPLEMENTATIONS = YES;
				CLANG_WARN_DIRECT_OBJC_ISA_USAGE = YES_ERROR;
				CLANG_WARN_DOCUMENTATION_COMMENTS = YES;
				CLANG_WARN_EMPTY_BODY = YES;
				CLANG_WARN_ENUM_CONVERSION = YES;
				CLANG_WARN_INFINITE_RECURSION = YES;
				CLANG_WARN_INT_CONVERSION = YES;
				CLANG_WARN_NON_LITERAL_NULL_CONVERSION = YES;
				CLANG_WARN_OBJC_IMPLICIT_RETAIN_SELF = YES;
				CLANG_WARN_OBJC_LITERAL_CONVERSION = YES;
				CLANG_WARN_OBJC_ROOT_CLASS = YES_ERROR;
				CLANG_WARN_QUOTED_INCLUDE_IN_FRAMEWORK_HEADER = YES;
				CLANG_WARN_RANGE_LOOP_ANALYSIS = YES;
				CLANG_WARN_STRICT_PROTOTYPES = YES;
				CLANG_WARN_SUSPICIOUS_MOVE = YES;
				CLANG_WARN_UNGUARDED_AVAILABILITY = YES_AGGRESSIVE;
				CLANG_WARN_UNREACHABLE_CODE = YES;
				CLANG_WARN__DUPLICATE_METHOD_MATCH = YES;
				COPY_PHASE_STRIP = NO;
				DEBUG_INFORMATION_FORMAT = dwarf;
				ENABLE_STRICT_OBJC_MSGSEND = YES;
				ENABLE_TESTABILITY = YES;
				GCC_C_LANGUAGE_STANDARD = gnu11;
				GCC_DYNAMIC_NO_PIC = NO;
				GCC_NO_COMMON_BLOCKS = YES;
				GCC_OPTIMIZATION_LEVEL = 0;
				GCC_PREPROCESSOR_DEFINITIONS = (
					"DEBUG=1",
					"$(inherited)",
				);
				GCC_WARN_64_TO_32_BIT_CONVERSION = YES;
				GCC_WARN_ABOUT_RETURN_TYPE = YES_ERROR;
				GCC_WARN_UNDECLARED_SELECTOR = YES;
				GCC_WARN_UNINITIALIZED_AUTOS = YES_AGGRESSIVE;
				GCC_WARN_UNUSED_FUNCTION = YES;
				GCC_WARN_UNUSED_VARIABLE = YES;
				IPHONEOS_DEPLOYMENT_TARGET = 15.4;
				MTL_ENABLE_DEBUG_INFO = INCLUDE_SOURCE;
				MTL_FAST_MATH = YES;
				ONLY_ACTIVE_ARCH = YES;
				SDKROOT = iphoneos;
				SWIFT_ACTIVE_COMPILATION_CONDITIONS = DEBUG;
				SWIFT_OPTIMIZATION_LEVEL = "-Onone";
			};
			name = Debug;
		};
		3EBD03942837E0CE00FDCB1B /* Release */ = {
			isa = XCBuildConfiguration;
			buildSettings = {
				ALWAYS_SEARCH_USER_PATHS = NO;
				CLANG_ANALYZER_NONNULL = YES;
				CLANG_ANALYZER_NUMBER_OBJECT_CONVERSION = YES_AGGRESSIVE;
				CLANG_CXX_LANGUAGE_STANDARD = "gnu++17";
				CLANG_ENABLE_MODULES = YES;
				CLANG_ENABLE_OBJC_ARC = YES;
				CLANG_ENABLE_OBJC_WEAK = YES;
				CLANG_WARN_BLOCK_CAPTURE_AUTORELEASING = YES;
				CLANG_WARN_BOOL_CONVERSION = YES;
				CLANG_WARN_COMMA = YES;
				CLANG_WARN_CONSTANT_CONVERSION = YES;
				CLANG_WARN_DEPRECATED_OBJC_IMPLEMENTATIONS = YES;
				CLANG_WARN_DIRECT_OBJC_ISA_USAGE = YES_ERROR;
				CLANG_WARN_DOCUMENTATION_COMMENTS = YES;
				CLANG_WARN_EMPTY_BODY = YES;
				CLANG_WARN_ENUM_CONVERSION = YES;
				CLANG_WARN_INFINITE_RECURSION = YES;
				CLANG_WARN_INT_CONVERSION = YES;
				CLANG_WARN_NON_LITERAL_NULL_CONVERSION = YES;
				CLANG_WARN_OBJC_IMPLICIT_RETAIN_SELF = YES;
				CLANG_WARN_OBJC_LITERAL_CONVERSION = YES;
				CLANG_WARN_OBJC_ROOT_CLASS = YES_ERROR;
				CLANG_WARN_QUOTED_INCLUDE_IN_FRAMEWORK_HEADER = YES;
				CLANG_WARN_RANGE_LOOP_ANALYSIS = YES;
				CLANG_WARN_STRICT_PROTOTYPES = YES;
				CLANG_WARN_SUSPICIOUS_MOVE = YES;
				CLANG_WARN_UNGUARDED_AVAILABILITY = YES_AGGRESSIVE;
				CLANG_WARN_UNREACHABLE_CODE = YES;
				CLANG_WARN__DUPLICATE_METHOD_MATCH = YES;
				COPY_PHASE_STRIP = NO;
				DEBUG_INFORMATION_FORMAT = "dwarf-with-dsym";
				ENABLE_NS_ASSERTIONS = NO;
				ENABLE_STRICT_OBJC_MSGSEND = YES;
				GCC_C_LANGUAGE_STANDARD = gnu11;
				GCC_NO_COMMON_BLOCKS = YES;
				GCC_WARN_64_TO_32_BIT_CONVERSION = YES;
				GCC_WARN_ABOUT_RETURN_TYPE = YES_ERROR;
				GCC_WARN_UNDECLARED_SELECTOR = YES;
				GCC_WARN_UNINITIALIZED_AUTOS = YES_AGGRESSIVE;
				GCC_WARN_UNUSED_FUNCTION = YES;
				GCC_WARN_UNUSED_VARIABLE = YES;
				IPHONEOS_DEPLOYMENT_TARGET = 15.4;
				MTL_ENABLE_DEBUG_INFO = NO;
				MTL_FAST_MATH = YES;
				SDKROOT = iphoneos;
				SWIFT_COMPILATION_MODE = wholemodule;
				SWIFT_OPTIMIZATION_LEVEL = "-O";
				VALIDATE_PRODUCT = YES;
			};
			name = Release;
		};
		3EBD03962837E0CE00FDCB1B /* Debug */ = {
			isa = XCBuildConfiguration;
			buildSettings = {
				ASSETCATALOG_COMPILER_APPICON_NAME = AppIcon;
				ASSETCATALOG_COMPILER_GLOBAL_ACCENT_COLOR_NAME = AccentColor;
				CODE_SIGN_STYLE = Automatic;
				CURRENT_PROJECT_VERSION = 1;
				DEVELOPMENT_TEAM = V7T8NSRQG8;
				GENERATE_INFOPLIST_FILE = YES;
				INFOPLIST_FILE = Navigation/Info.plist;
				INFOPLIST_KEY_UIApplicationSupportsIndirectInputEvents = YES;
				INFOPLIST_KEY_UILaunchStoryboardName = LaunchScreen;
				INFOPLIST_KEY_UISupportedInterfaceOrientations = "";
				INFOPLIST_KEY_UISupportedInterfaceOrientations_iPad = "UIInterfaceOrientationPortrait UIInterfaceOrientationPortraitUpsideDown UIInterfaceOrientationLandscapeLeft UIInterfaceOrientationLandscapeRight";
				INFOPLIST_KEY_UISupportedInterfaceOrientations_iPhone = "UIInterfaceOrientationPortrait UIInterfaceOrientationLandscapeLeft UIInterfaceOrientationLandscapeRight";
				LD_RUNPATH_SEARCH_PATHS = (
					"$(inherited)",
					"@executable_path/Frameworks",
				);
				MARKETING_VERSION = 1.0;
				PRODUCT_BUNDLE_IDENTIFIER = envoleon.Navigation;
				PRODUCT_NAME = "$(TARGET_NAME)";
				SWIFT_EMIT_LOC_STRINGS = YES;
				SWIFT_VERSION = 5.0;
				TARGETED_DEVICE_FAMILY = 1;
			};
			name = Debug;
		};
		3EBD03972837E0CE00FDCB1B /* Release */ = {
			isa = XCBuildConfiguration;
			buildSettings = {
				ASSETCATALOG_COMPILER_APPICON_NAME = AppIcon;
				ASSETCATALOG_COMPILER_GLOBAL_ACCENT_COLOR_NAME = AccentColor;
				CODE_SIGN_STYLE = Automatic;
				CURRENT_PROJECT_VERSION = 1;
				DEVELOPMENT_TEAM = V7T8NSRQG8;
				GENERATE_INFOPLIST_FILE = YES;
				INFOPLIST_FILE = Navigation/Info.plist;
				INFOPLIST_KEY_UIApplicationSupportsIndirectInputEvents = YES;
				INFOPLIST_KEY_UILaunchStoryboardName = LaunchScreen;
				INFOPLIST_KEY_UISupportedInterfaceOrientations = "";
				INFOPLIST_KEY_UISupportedInterfaceOrientations_iPad = "UIInterfaceOrientationPortrait UIInterfaceOrientationPortraitUpsideDown UIInterfaceOrientationLandscapeLeft UIInterfaceOrientationLandscapeRight";
				INFOPLIST_KEY_UISupportedInterfaceOrientations_iPhone = "UIInterfaceOrientationPortrait UIInterfaceOrientationLandscapeLeft UIInterfaceOrientationLandscapeRight";
				LD_RUNPATH_SEARCH_PATHS = (
					"$(inherited)",
					"@executable_path/Frameworks",
				);
				MARKETING_VERSION = 1.0;
				PRODUCT_BUNDLE_IDENTIFIER = envoleon.Navigation;
				PRODUCT_NAME = "$(TARGET_NAME)";
				SWIFT_EMIT_LOC_STRINGS = YES;
				SWIFT_VERSION = 5.0;
				TARGETED_DEVICE_FAMILY = 1;
			};
			name = Release;
		};
/* End XCBuildConfiguration section */

/* Begin XCConfigurationList section */
		3EBD037C2837E0CC00FDCB1B /* Build configuration list for PBXProject "Navigation Table v2" */ = {
			isa = XCConfigurationList;
			buildConfigurations = (
				3EBD03932837E0CE00FDCB1B /* Debug */,
				3EBD03942837E0CE00FDCB1B /* Release */,
			);
			defaultConfigurationIsVisible = 0;
			defaultConfigurationName = Release;
		};
		3EBD03952837E0CE00FDCB1B /* Build configuration list for PBXNativeTarget "Navigation Table v2" */ = {
			isa = XCConfigurationList;
			buildConfigurations = (
				3EBD03962837E0CE00FDCB1B /* Debug */,
				3EBD03972837E0CE00FDCB1B /* Release */,
			);
			defaultConfigurationIsVisible = 0;
			defaultConfigurationName = Release;
		};
/* End XCConfigurationList section */
	};
	rootObject = 3EBD03792837E0CC00FDCB1B /* Project object */;
}
